
Microsoft Visual Studio Solution File, Format Version 12.00
# Visual Studio Version 16
VisualStudioVersion = 16.0.30907.101
MinimumVisualStudioVersion = 10.0.40219.1
Project("{9A19103F-16F7-4668-BE54-9A1E7A4F7556}") = "MovieUILayer", "MovieManagementWeb\MovieUILayer.csproj", "{88C82782-0CA5-44E8-9298-A7BC1732DF29}"
EndProject
Project("{9A19103F-16F7-4668-BE54-9A1E7A4F7556}") = "MovieData", "MovieData\MovieData.csproj", "{EDEC0C76-A6F3-4A39-B939-B04C1F302619}"
EndProject
Project("{9A19103F-16F7-4668-BE54-9A1E7A4F7556}") = "MovieRepo", "MovieRepo\MovieRepo.csproj", "{20171745-1A0F-423A-A076-4FD88EE3B076}"
EndProject
Project("{9A19103F-16F7-4668-BE54-9A1E7A4F7556}") = "ModelsLibrary", "ModelsLibrary\ModelsLibrary.csproj", "{75C0E350-086A-4647-AD3B-74198531364E}"
EndProject
Global
	GlobalSection(SolutionConfigurationPlatforms) = preSolution
		Debug|Any CPU = Debug|Any CPU
		Release|Any CPU = Release|Any CPU
	EndGlobalSection
	GlobalSection(ProjectConfigurationPlatforms) = postSolution
		{88C82782-0CA5-44E8-9298-A7BC1732DF29}.Debug|Any CPU.ActiveCfg = Debug|Any CPU
		{88C82782-0CA5-44E8-9298-A7BC1732DF29}.Debug|Any CPU.Build.0 = Debug|Any CPU
		{88C82782-0CA5-44E8-9298-A7BC1732DF29}.Release|Any CPU.ActiveCfg = Release|Any CPU
		{88C82782-0CA5-44E8-9298-A7BC1732DF29}.Release|Any CPU.Build.0 = Release|Any CPU
		{EDEC0C76-A6F3-4A39-B939-B04C1F302619}.Debug|Any CPU.ActiveCfg = Debug|Any CPU
		{EDEC0C76-A6F3-4A39-B939-B04C1F302619}.Debug|Any CPU.Build.0 = Debug|Any CPU
		{EDEC0C76-A6F3-4A39-B939-B04C1F302619}.Release|Any CPU.ActiveCfg = Release|Any CPU
		{EDEC0C76-A6F3-4A39-B939-B04C1F302619}.Release|Any CPU.Build.0 = Release|Any CPU
		{20171745-1A0F-423A-A076-4FD88EE3B076}.Debug|Any CPU.ActiveCfg = Debug|Any CPU
		{20171745-1A0F-423A-A076-4FD88EE3B076}.Debug|Any CPU.Build.0 = Debug|Any CPU
		{20171745-1A0F-423A-A076-4FD88EE3B076}.Release|Any CPU.ActiveCfg = Release|Any CPU
		{20171745-1A0F-423A-A076-4FD88EE3B076}.Release|Any CPU.Build.0 = Release|Any CPU
		{75C0E350-086A-4647-AD3B-74198531364E}.Debug|Any CPU.ActiveCfg = Debug|Any CPU
		{75C0E350-086A-4647-AD3B-74198531364E}.Debug|Any CPU.Build.0 = Debug|Any CPU
		{75C0E350-086A-4647-AD3B-74198531364E}.Release|Any CPU.ActiveCfg = Release|Any CPU
		{75C0E350-086A-4647-AD3B-74198531364E}.Release|Any CPU.Build.0 = Release|Any CPU
	EndGlobalSection
	GlobalSection(SolutionProperties) = preSolution
		HideSolutionNode = FALSE
	EndGlobalSection
	GlobalSection(ExtensibilityGlobals) = postSolution
		SolutionGuid = {22CE0193-2F06-4B0D-9CB6-B0B66B61FDBD}
	EndGlobalSection
EndGlobal
